// !$*UTF8*$!
{
	archiveVersion = 1;
	classes = {
	};
	objectVersion = 48;
	objects = {

/* Begin PBXBuildFile section */
		A1BD748F208FEC50008B917B /* AppDelegate.swift in Sources */ = {isa = PBXBuildFile; fileRef = A1BD748E208FEC50008B917B /* AppDelegate.swift */; };
		A1BD7491208FEC50008B917B /* TodoListViewController.swift in Sources */ = {isa = PBXBuildFile; fileRef = A1BD7490208FEC50008B917B /* TodoListViewController.swift */; };
		A1BD7494208FEC50008B917B /* Main.storyboard in Resources */ = {isa = PBXBuildFile; fileRef = A1BD7492208FEC50008B917B /* Main.storyboard */; };
		A1BD7496208FEC50008B917B /* Assets.xcassets in Resources */ = {isa = PBXBuildFile; fileRef = A1BD7495208FEC50008B917B /* Assets.xcassets */; };
		A1BD7499208FEC50008B917B /* LaunchScreen.storyboard in Resources */ = {isa = PBXBuildFile; fileRef = A1BD7497208FEC50008B917B /* LaunchScreen.storyboard */; };
		A1BD74AA20904A4D008B917B /* DataModel.xcdatamodeld in Sources */ = {isa = PBXBuildFile; fileRef = A1BD74A820904A4D008B917B /* DataModel.xcdatamodeld */; };
		A1BD74CD2090FB44008B917B /* CategoryViewController.swift in Sources */ = {isa = PBXBuildFile; fileRef = A1BD74CC2090FB44008B917B /* CategoryViewController.swift */; };
/* End PBXBuildFile section */

/* Begin PBXFileReference section */
		A1BD748B208FEC50008B917B /* Todo.app */ = {isa = PBXFileReference; explicitFileType = wrapper.application; includeInIndex = 0; path = Todo.app; sourceTree = BUILT_PRODUCTS_DIR; };
		A1BD748E208FEC50008B917B /* AppDelegate.swift */ = {isa = PBXFileReference; lastKnownFileType = sourcecode.swift; path = AppDelegate.swift; sourceTree = "<group>"; };
		A1BD7490208FEC50008B917B /* TodoListViewController.swift */ = {isa = PBXFileReference; lastKnownFileType = sourcecode.swift; path = TodoListViewController.swift; sourceTree = "<group>"; };
		A1BD7493208FEC50008B917B /* Base */ = {isa = PBXFileReference; lastKnownFileType = file.storyboard; name = Base; path = Base.lproj/Main.storyboard; sourceTree = "<group>"; };
		A1BD7495208FEC50008B917B /* Assets.xcassets */ = {isa = PBXFileReference; lastKnownFileType = folder.assetcatalog; path = Assets.xcassets; sourceTree = "<group>"; };
		A1BD7498208FEC50008B917B /* Base */ = {isa = PBXFileReference; lastKnownFileType = file.storyboard; name = Base; path = Base.lproj/LaunchScreen.storyboard; sourceTree = "<group>"; };
		A1BD749A208FEC50008B917B /* Info.plist */ = {isa = PBXFileReference; lastKnownFileType = text.plist.xml; path = Info.plist; sourceTree = "<group>"; };
		A1BD74A920904A4D008B917B /* DataModel.xcdatamodel */ = {isa = PBXFileReference; lastKnownFileType = wrapper.xcdatamodel; path = DataModel.xcdatamodel; sourceTree = "<group>"; };
		A1BD74CC2090FB44008B917B /* CategoryViewController.swift */ = {isa = PBXFileReference; lastKnownFileType = sourcecode.swift; path = CategoryViewController.swift; sourceTree = "<group>"; };
/* End PBXFileReference section */

/* Begin PBXFrameworksBuildPhase section */
		A1BD7488208FEC50008B917B /* Frameworks */ = {
			isa = PBXFrameworksBuildPhase;
			buildActionMask = 2147483647;
			files = (
			);
			runOnlyForDeploymentPostprocessing = 0;
		};
/* End PBXFrameworksBuildPhase section */

/* Begin PBXGroup section */
		A1BD7482208FEC50008B917B = {
			isa = PBXGroup;
			children = (
				A1BD748D208FEC50008B917B /* Todo */,
				A1BD748C208FEC50008B917B /* Products */,
			);
			sourceTree = "<group>";
		};
		A1BD748C208FEC50008B917B /* Products */ = {
			isa = PBXGroup;
			children = (
				A1BD748B208FEC50008B917B /* Todo.app */,
			);
			name = Products;
			sourceTree = "<group>";
		};
		A1BD748D208FEC50008B917B /* Todo */ = {
			isa = PBXGroup;
			children = (
				A1BD748E208FEC50008B917B /* AppDelegate.swift */,
				A1BD74A4209016A4008B917B /* Models */,
				A1BD74A5209016B3008B917B /* Controllers */,
				A1BD74A6209016CC008B917B /* Views */,
				A1BD74A7209016FE008B917B /* Supporting Files */,
				A1BD749A208FEC50008B917B /* Info.plist */,
			);
			path = Todo;
			sourceTree = "<group>";
		};
		A1BD74A4209016A4008B917B /* Models */ = {
			isa = PBXGroup;
			children = (
				A1BD74A820904A4D008B917B /* DataModel.xcdatamodeld */,
			);
			path = Models;
			sourceTree = "<group>";
		};
		A1BD74A5209016B3008B917B /* Controllers */ = {
			isa = PBXGroup;
			children = (
				A1BD74CC2090FB44008B917B /* CategoryViewController.swift */,
				A1BD7490208FEC50008B917B /* TodoListViewController.swift */,
			);
			path = Controllers;
			sourceTree = "<group>";
		};
		A1BD74A6209016CC008B917B /* Views */ = {
			isa = PBXGroup;
			children = (
				A1BD7492208FEC50008B917B /* Main.storyboard */,
			);
			path = Views;
			sourceTree = "<group>";
		};
		A1BD74A7209016FE008B917B /* Supporting Files */ = {
			isa = PBXGroup;
			children = (
				A1BD7495208FEC50008B917B /* Assets.xcassets */,
				A1BD7497208FEC50008B917B /* LaunchScreen.storyboard */,
			);
			path = "Supporting Files";
			sourceTree = "<group>";
		};
/* End PBXGroup section */

/* Begin PBXNativeTarget section */
		A1BD748A208FEC50008B917B /* Todo */ = {
			isa = PBXNativeTarget;
			buildConfigurationList = A1BD749D208FEC50008B917B /* Build configuration list for PBXNativeTarget "Todo" */;
			buildPhases = (
				A1BD7487208FEC50008B917B /* Sources */,
				A1BD7488208FEC50008B917B /* Frameworks */,
				A1BD7489208FEC50008B917B /* Resources */,
			);
			buildRules = (
			);
			dependencies = (
			);
			name = Todo;
			productName = Todo;
			productReference = A1BD748B208FEC50008B917B /* Todo.app */;
			productType = "com.apple.product-type.application";
		};
/* End PBXNativeTarget section */

/* Begin PBXProject section */
		A1BD7483208FEC50008B917B /* Project object */ = {
			isa = PBXProject;
			attributes = {
				LastSwiftUpdateCheck = 0920;
				LastUpgradeCheck = 0920;
				ORGANIZATIONNAME = "Liz Chaddock";
				TargetAttributes = {
					A1BD748A208FEC50008B917B = {
						CreatedOnToolsVersion = 9.2;
						ProvisioningStyle = Automatic;
					};
				};
			};
			buildConfigurationList = A1BD7486208FEC50008B917B /* Build configuration list for PBXProject "Todo" */;
			compatibilityVersion = "Xcode 8.0";
			developmentRegion = en;
			hasScannedForEncodings = 0;
			knownRegions = (
				en,
				Base,
			);
			mainGroup = A1BD7482208FEC50008B917B;
			productRefGroup = A1BD748C208FEC50008B917B /* Products */;
			projectDirPath = "";
			projectRoot = "";
			targets = (
				A1BD748A208FEC50008B917B /* Todo */,
			);
		};
/* End PBXProject section */

/* Begin PBXResourcesBuildPhase section */
		A1BD7489208FEC50008B917B /* Resources */ = {
			isa = PBXResourcesBuildPhase;
			buildActionMask = 2147483647;
			files = (
				A1BD7499208FEC50008B917B /* LaunchScreen.storyboard in Resources */,
				A1BD7496208FEC50008B917B /* Assets.xcassets in Resources */,
				A1BD7494208FEC50008B917B /* Main.storyboard in Resources */,
			);
			runOnlyForDeploymentPostprocessing = 0;
		};
/* End PBXResourcesBuildPhase section */

/* Begin PBXSourcesBuildPhase section */
		A1BD7487208FEC50008B917B /* Sources */ = {
			isa = PBXSourcesBuildPhase;
			buildActionMask = 2147483647;
			files = (
				A1BD74CD2090FB44008B917B /* CategoryViewController.swift in Sources */,
				A1BD7491208FEC50008B917B /* TodoListViewController.swift in Sources */,
				A1BD74AA20904A4D008B917B /* DataModel.xcdatamodeld in Sources */,
				A1BD748F208FEC50008B917B /* AppDelegate.swift in Sources */,
			);
			runOnlyForDeploymentPostprocessing = 0;
		};
/* End PBXSourcesBuildPhase section */

/* Begin PBXVariantGroup section */
		A1BD7492208FEC50008B917B /* Main.storyboard */ = {
			isa = PBXVariantGroup;
			children = (
				A1BD7493208FEC50008B917B /* Base */,
			);
			name = Main.storyboard;
			sourceTree = "<group>";
		};
		A1BD7497208FEC50008B917B /* LaunchScreen.storyboard */ = {
			isa = PBXVariantGroup;
			children = (
				A1BD7498208FEC50008B917B /* Base */,
			);
			name = LaunchScreen.storyboard;
			sourceTree = "<group>";
		};
/* End PBXVariantGroup section */

/* Begin XCBuildConfiguration section */
		A1BD749B208FEC50008B917B /* Debug */ = {
			isa = XCBuildConfiguration;
			buildSettings = {
				ALWAYS_SEARCH_USER_PATHS = NO;
				CLANG_ANALYZER_NONNULL = YES;
				CLANG_ANALYZER_NUMBER_OBJECT_CONVERSION = YES_AGGRESSIVE;
				CLANG_CXX_LANGUAGE_STANDARD = "gnu++14";
				CLANG_CXX_LIBRARY = "libc++";
				CLANG_ENABLE_MODULES = YES;
				CLANG_ENABLE_OBJC_ARC = YES;
				CLANG_WARN_BLOCK_CAPTURE_AUTORELEASING = YES;
				CLANG_WARN_BOOL_CONVERSION = YES;
				CLANG_WARN_COMMA = YES;
				CLANG_WARN_CONSTANT_CONVERSION = YES;
				CLANG_WARN_DIRECT_OBJC_ISA_USAGE = YES_ERROR;
				CLANG_WARN_DOCUMENTATION_COMMENTS = YES;
				CLANG_WARN_EMPTY_BODY = YES;
				CLANG_WARN_ENUM_CONVERSION = YES;
				CLANG_WARN_INFINITE_RECURSION = YES;
				CLANG_WARN_INT_CONVERSION = YES;
				CLANG_WARN_NON_LITERAL_NULL_CONVERSION = YES;
				CLANG_WARN_OBJC_LITERAL_CONVERSION = YES;
				CLANG_WARN_OBJC_ROOT_CLASS = YES_ERROR;
				CLANG_WARN_RANGE_LOOP_ANALYSIS = YES;
				CLANG_WARN_STRICT_PROTOTYPES = YES;
				CLANG_WARN_SUSPICIOUS_MOVE = YES;
				CLANG_WARN_UNGUARDED_AVAILABILITY = YES_AGGRESSIVE;
				CLANG_WARN_UNREACHABLE_CODE = YES;
				CLANG_WARN__DUPLICATE_METHOD_MATCH = YES;
				CODE_SIGN_IDENTITY = "iPhone Developer";
				COPY_PHASE_STRIP = NO;
				DEBUG_INFORMATION_FORMAT = dwarf;
				ENABLE_STRICT_OBJC_MSGSEND = YES;
				ENABLE_TESTABILITY = YES;
				GCC_C_LANGUAGE_STANDARD = gnu11;
				GCC_DYNAMIC_NO_PIC = NO;
				GCC_NO_COMMON_BLOCKS = YES;
				GCC_OPTIMIZATION_LEVEL = 0;
				GCC_PREPROCESSOR_DEFINITIONS = (
					"DEBUG=1",
					"$(inherited)",
				);
				GCC_WARN_64_TO_32_BIT_CONVERSION = YES;
				GCC_WARN_ABOUT_RETURN_TYPE = YES_ERROR;
				GCC_WARN_UNDECLARED_SELECTOR = YES;
				GCC_WARN_UNINITIALIZED_AUTOS = YES_AGGRESSIVE;
				GCC_WARN_UNUSED_FUNCTION = YES;
				GCC_WARN_UNUSED_VARIABLE = YES;
				IPHONEOS_DEPLOYMENT_TARGET = 11.2;
				MTL_ENABLE_DEBUG_INFO = YES;
				ONLY_ACTIVE_ARCH = YES;
				SDKROOT = iphoneos;
				SWIFT_ACTIVE_COMPILATION_CONDITIONS = DEBUG;
				SWIFT_OPTIMIZATION_LEVEL = "-Onone";
			};
			name = Debug;
		};
		A1BD749C208FEC50008B917B /* Release */ = {
			isa = XCBuildConfiguration;
			buildSettings = {
				ALWAYS_SEARCH_USER_PATHS = NO;
				CLANG_ANALYZER_NONNULL = YES;
				CLANG_ANALYZER_NUMBER_OBJECT_CONVERSION = YES_AGGRESSIVE;
				CLANG_CXX_LANGUAGE_STANDARD = "gnu++14";
				CLANG_CXX_LIBRARY = "libc++";
				CLANG_ENABLE_MODULES = YES;
				CLANG_ENABLE_OBJC_ARC = YES;
				CLANG_WARN_BLOCK_CAPTURE_AUTORELEASING = YES;
				CLANG_WARN_BOOL_CONVERSION = YES;
				CLANG_WARN_COMMA = YES;
				CLANG_WARN_CONSTANT_CONVERSION = YES;
				CLANG_WARN_DIRECT_OBJC_ISA_USAGE = YES_ERROR;
				CLANG_WARN_DOCUMENTATION_COMMENTS = YES;
				CLANG_WARN_EMPTY_BODY = YES;
				CLANG_WARN_ENUM_CONVERSION = YES;
				CLANG_WARN_INFINITE_RECURSION = YES;
				CLANG_WARN_INT_CONVERSION = YES;
				CLANG_WARN_NON_LITERAL_NULL_CONVERSION = YES;
				CLANG_WARN_OBJC_LITERAL_CONVERSION = YES;
				CLANG_WARN_OBJC_ROOT_CLASS = YES_ERROR;
				CLANG_WARN_RANGE_LOOP_ANALYSIS = YES;
				CLANG_WARN_STRICT_PROTOTYPES = YES;
				CLANG_WARN_SUSPICIOUS_MOVE = YES;
				CLANG_WARN_UNGUARDED_AVAILABILITY = YES_AGGRESSIVE;
				CLANG_WARN_UNREACHABLE_CODE = YES;
				CLANG_WARN__DUPLICATE_METHOD_MATCH = YES;
				CODE_SIGN_IDENTITY = "iPhone Developer";
				COPY_PHASE_STRIP = NO;
				DEBUG_INFORMATION_FORMAT = "dwarf-with-dsym";
				ENABLE_NS_ASSERTIONS = NO;
				ENABLE_STRICT_OBJC_MSGSEND = YES;
				GCC_C_LANGUAGE_STANDARD = gnu11;
				GCC_NO_COMMON_BLOCKS = YES;
				GCC_WARN_64_TO_32_BIT_CONVERSION = YES;
				GCC_WARN_ABOUT_RETURN_TYPE = YES_ERROR;
				GCC_WARN_UNDECLARED_SELECTOR = YES;
				GCC_WARN_UNINITIALIZED_AUTOS = YES_AGGRESSIVE;
				GCC_WARN_UNUSED_FUNCTION = YES;
				GCC_WARN_UNUSED_VARIABLE = YES;
				IPHONEOS_DEPLOYMENT_TARGET = 11.2;
				MTL_ENABLE_DEBUG_INFO = NO;
				SDKROOT = iphoneos;
				SWIFT_OPTIMIZATION_LEVEL = "-Owholemodule";
				VALIDATE_PRODUCT = YES;
			};
			name = Release;
		};
		A1BD749E208FEC50008B917B /* Debug */ = {
			isa = XCBuildConfiguration;
			buildSettings = {
				ASSETCATALOG_COMPILER_APPICON_NAME = AppIcon;
				CODE_SIGN_STYLE = Automatic;
				DEVELOPMENT_TEAM = W4CKF2AYFN;
				INFOPLIST_FILE = Todo/Info.plist;
				LD_RUNPATH_SEARCH_PATHS = "$(inherited) @executable_path/Frameworks";
				PRODUCT_BUNDLE_IDENTIFIER = com.lizchaddock.Todo;
				PRODUCT_NAME = "$(TARGET_NAME)";
				SWIFT_VERSION = 4.0;
				TARGETED_DEVICE_FAMILY = "1,2";
			};
			name = Debug;
		};
		A1BD749F208FEC50008B917B /* Release */ = {
			isa = XCBuildConfiguration;
			buildSettings = {
				ASSETCATALOG_COMPILER_APPICON_NAME = AppIcon;
				CODE_SIGN_STYLE = Automatic;
				DEVELOPMENT_TEAM = W4CKF2AYFN;
				INFOPLIST_FILE = Todo/Info.plist;
				LD_RUNPATH_SEARCH_PATHS = "$(inherited) @executable_path/Frameworks";
				PRODUCT_BUNDLE_IDENTIFIER = com.lizchaddock.Todo;
				PRODUCT_NAME = "$(TARGET_NAME)";
				SWIFT_VERSION = 4.0;
				TARGETED_DEVICE_FAMILY = "1,2";
			};
			name = Release;
		};
/* End XCBuildConfiguration section */

/* Begin XCConfigurationList section */
		A1BD7486208FEC50008B917B /* Build configuration list for PBXProject "Todo" */ = {
			isa = XCConfigurationList;
			buildConfigurations = (
				A1BD749B208FEC50008B917B /* Debug */,
				A1BD749C208FEC50008B917B /* Release */,
			);
			defaultConfigurationIsVisible = 0;
			defaultConfigurationName = Release;
		};
		A1BD749D208FEC50008B917B /* Build configuration list for PBXNativeTarget "Todo" */ = {
			isa = XCConfigurationList;
			buildConfigurations = (
				A1BD749E208FEC50008B917B /* Debug */,
				A1BD749F208FEC50008B917B /* Release */,
			);
			defaultConfigurationIsVisible = 0;
			defaultConfigurationName = Release;
		};
/* End XCConfigurationList section */

/* Begin XCVersionGroup section */
		A1BD74A820904A4D008B917B /* DataModel.xcdatamodeld */ = {
			isa = XCVersionGroup;
			children = (
				A1BD74A920904A4D008B917B /* DataModel.xcdatamodel */,
			);
			currentVersion = A1BD74A920904A4D008B917B /* DataModel.xcdatamodel */;
			path = DataModel.xcdatamodeld;
			sourceTree = "<group>";
			versionGroupType = wrapper.xcdatamodel;
		};
/* End XCVersionGroup section */
	};
	rootObject = A1BD7483208FEC50008B917B /* Project object */;
}
